<?xml version="1.0" encoding="utf-8"?>
<Project ToolsVersion="4.0" xmlns="http://schemas.microsoft.com/developer/msbuild/2003">
  <ItemGroup>
    <Filter Include="Source Files">
      <UniqueIdentifier>{4FC737F1-C7A5-4376-A066-2A32D752A2FF}</UniqueIdentifier>
      <Extensions>cpp;c;cc;cxx;def;odl;idl;hpj;bat;asm;asmx</Extensions>
    </Filter>
    <Filter Include="Header Files">
      <UniqueIdentifier>{93995380-89BD-4b04-88EB-625FBE52EBFB}</UniqueIdentifier>
      <Extensions>h;hh;hpp;hxx;hm;inl;inc;xsd</Extensions>
    </Filter>
    <Filter Include="Resource Files">
      <UniqueIdentifier>{D9D6E242-F8AF-46E4-B9FD-80ECBC20BA3E}</UniqueIdentifier>
      <Extensions>qrc;*</Extensions>
      <ParseFiles>false</ParseFiles>
    </Filter>
    <Filter Include="Form Files">
      <UniqueIdentifier>{99349809-55BA-4b9d-BF79-8FDBB0286EB3}</UniqueIdentifier>
      <Extensions>ui</Extensions>
    </Filter>
    <Filter Include="Resource Files">
      <UniqueIdentifier>{D9D6E242-F8AF-46E4-B9FD-80ECBC20BA3E}</UniqueIdentifier>
      <Extensions>qrc;*</Extensions>
      <ParseFiles>false</ParseFiles>
    </Filter>
    <Filter Include="Generated Files">
      <UniqueIdentifier>{71ED8ED8-ACB9-4CE9-BBE1-E00B30144E11}</UniqueIdentifier>
      <Extensions>moc;h;cpp</Extensions>
      <SourceControlFiles>False</SourceControlFiles>
    </Filter>
    <Filter Include="Header Files\Dialogs">
      <UniqueIdentifier>{beea5ac6-64a8-4c6c-8762-14df0aff2d7e}</UniqueIdentifier>
    </Filter>
    <Filter Include="Source Files\Dialogs">
      <UniqueIdentifier>{a51f370c-4351-4318-a6c1-756f425ea656}</UniqueIdentifier>
    </Filter>
    <Filter Include="Form Files\Dialogs">
      <UniqueIdentifier>{d24e2fe5-9fee-4489-993f-76977f4f732c}</UniqueIdentifier>
    </Filter>
    <Filter Include="Source Files\Widgets">
      <UniqueIdentifier>{fd5d302a-f943-4a4e-b0e3-266bd86dc738}</UniqueIdentifier>
    </Filter>
    <Filter Include="Header Files\Widgets">
      <UniqueIdentifier>{7cccd54b-ad8c-47bf-b0d7-3fd90cf5f103}</UniqueIdentifier>
    </Filter>
  </ItemGroup>
  <ItemGroup>
    <ClCompile Include="main.cpp">
      <Filter>Source Files</Filter>
    </ClCompile>
    <ClCompile Include="Viewer.cpp">
      <Filter>Source Files</Filter>
    </ClCompile>
    <ClCompile Include="Viewer3D.cpp">
      <Filter>Source Files</Filter>
    </ClCompile>
    <ClCompile Include="Viewer2D.cpp">
      <Filter>Source Files</Filter>
    </ClCompile>
    <ClCompile Include="Dialogs\DialogVesselExtractor.cpp">
      <Filter>Source Files\Dialogs</Filter>
    </ClCompile>
    <ClCompile Include="MouseInteractorStyle.cpp">
      <Filter>Source Files</Filter>
    </ClCompile>
    <ClCompile Include="Widgets\ClickableLabel.cpp">
      <Filter>Source Files\Widgets</Filter>
    </ClCompile>
    <ClCompile Include="ViewerDSA.cpp">
      <Filter>Source Files</Filter>
    </ClCompile>
  </ItemGroup>
  <ItemGroup>
    <QtMoc Include="Viewer.h">
      <Filter>Header Files</Filter>
    </QtMoc>
    <QtMoc Include="Viewer3D.h">
      <Filter>Header Files</Filter>
    </QtMoc>
    <QtMoc Include="Viewer2D.h">
      <Filter>Header Files</Filter>
    </QtMoc>
    <QtMoc Include="Dialogs\DialogVesselExtractor.h">
      <Filter>Header Files\Dialogs</Filter>
    </QtMoc>
    <QtMoc Include="MouseInteractorSytle.h">
      <Filter>Header Files</Filter>
    </QtMoc>
    <QtMoc Include="Widgets\ClickableLabel.h">
      <Filter>Header Files\Widgets</Filter>
    </QtMoc>
    <QtMoc Include="ViewerDSA.h">
      <Filter>Header Files</Filter>
    </QtMoc>
  </ItemGroup>
  <ItemGroup>
    <QtUic Include="Viewer.ui">
      <Filter>Form Files</Filter>
    </QtUic>
    <QtUic Include="Viewer3D.ui">
      <Filter>Form Files</Filter>
    </QtUic>
    <QtUic Include="Viewer2D.ui">
      <Filter>Form Files</Filter>
    </QtUic>
    <QtUic Include="Dialogs\DialogVesselExtractor.ui">
      <Filter>Form Files\Dialogs</Filter>
    </QtUic>
    <QtUic Include="ViewerDSA.ui">
      <Filter>Form Files</Filter>
    </QtUic>
  </ItemGroup>
  <ItemGroup>
    <QtRcc Include="Viewer.qrc">
      <Filter>Resource Files</Filter>
    </QtRcc>
  </ItemGroup>
  <ItemGroup>
    <ResourceCompile Include="Viewer.rc" />
  </ItemGroup>
</Project>