<?xml version="1.0" encoding="utf-8"?>
<Project ToolsVersion="4.0" xmlns="http://schemas.microsoft.com/developer/msbuild/2003">
  <ItemGroup>
    <Filter Include="源文件">
      <UniqueIdentifier>{4FC737F1-C7A5-4376-A066-2A32D752A2FF}</UniqueIdentifier>
      <Extensions>cpp;c;cc;cxx;def;odl;idl;hpj;bat;asm;asmx</Extensions>
    </Filter>
    <Filter Include="头文件">
      <UniqueIdentifier>{93995380-89BD-4b04-88EB-625FBE52EBFB}</UniqueIdentifier>
      <Extensions>h;hh;hpp;hxx;hm;inl;inc;ipp;xsd</Extensions>
    </Filter>
    <Filter Include="资源文件">
      <UniqueIdentifier>{67DA6AB6-F800-4c08-8B7A-83BB121AAD01}</UniqueIdentifier>
      <Extensions>rc;ico;cur;bmp;dlg;rc2;rct;bin;rgs;gif;jpg;jpeg;jpe;resx;tiff;tif;png;wav;mfcribbon-ms</Extensions>
    </Filter>
    <Filter Include="头文件\DicomParser">
      <UniqueIdentifier>{36922fec-7daa-49ff-8029-546f5c150ddf}</UniqueIdentifier>
    </Filter>
    <Filter Include="源文件\DicomParser">
      <UniqueIdentifier>{fba7a091-6a1e-4221-8ecb-66275455c618}</UniqueIdentifier>
    </Filter>
  </ItemGroup>
  <ItemGroup>
    <ClCompile Include="DicomReader.cpp">
      <Filter>源文件</Filter>
    </ClCompile>
    <ClCompile Include="DicomParser\DicomDataMgr.cpp">
      <Filter>源文件\DicomParser</Filter>
    </ClCompile>
    <ClCompile Include="DicomParser\DicomDataParser.cpp">
      <Filter>源文件\DicomParser</Filter>
    </ClCompile>
    <ClCompile Include="DicomParser\DicomHeaderParser.cpp">
      <Filter>源文件\DicomParser</Filter>
    </ClCompile>
    <ClCompile Include="DicomParser\DicomPatientData.cpp">
      <Filter>源文件\DicomParser</Filter>
    </ClCompile>
    <ClCompile Include="DicomParser\DicomSeriesData.cpp">
      <Filter>源文件\DicomParser</Filter>
    </ClCompile>
    <ClCompile Include="DicomParser\DicomStudyData.cpp">
      <Filter>源文件\DicomParser</Filter>
    </ClCompile>
  </ItemGroup>
  <ItemGroup>
    <ClInclude Include="DicomReader.h">
      <Filter>头文件</Filter>
    </ClInclude>
    <ClInclude Include="DicomParser\DicomDataMgr.h">
      <Filter>头文件\DicomParser</Filter>
    </ClInclude>
    <ClInclude Include="DicomParser\DicomDataParser.h">
      <Filter>头文件\DicomParser</Filter>
    </ClInclude>
    <ClInclude Include="DicomParser\DicomHeaderParser.h">
      <Filter>头文件\DicomParser</Filter>
    </ClInclude>
    <ClInclude Include="DicomParser\DicomPatientData.h">
      <Filter>头文件\DicomParser</Filter>
    </ClInclude>
    <ClInclude Include="DicomParser\DicomSeriesData.h">
      <Filter>头文件\DicomParser</Filter>
    </ClInclude>
    <ClInclude Include="DicomParser\DicomStudyData.h">
      <Filter>头文件\DicomParser</Filter>
    </ClInclude>
  </ItemGroup>
</Project>